// !$*UTF8*$!
{
	archiveVersion = 1;
	classes = {
	};
	objectVersion = 56;
	objects = {

/* Begin PBXBuildFile section */
		550FC3AB530923DC4D6E2EAA /* Pods_MealsRecipe_MealsRecipeUITests.framework in Frameworks */ = {isa = PBXBuildFile; fileRef = E0F4DFFD6B5248D47D002DFB /* Pods_MealsRecipe_MealsRecipeUITests.framework */; };
		5E9C722FC41395F1C9C7330F /* Pods_MealsRecipe.framework in Frameworks */ = {isa = PBXBuildFile; fileRef = C4D09561F6E5CA33E418E20D /* Pods_MealsRecipe.framework */; };
		E46A88B1C4A7D9B7D83A312B /* Pods_MealsRecipeTests.framework in Frameworks */ = {isa = PBXBuildFile; fileRef = 20ADAAFFA03C9B708334D5C4 /* Pods_MealsRecipeTests.framework */; };
		FE1B93CA2C52991B00D37708 /* AppDelegate.swift in Sources */ = {isa = PBXBuildFile; fileRef = FE1B93C92C52991B00D37708 /* AppDelegate.swift */; };
		FE1B93CC2C52991B00D37708 /* SceneDelegate.swift in Sources */ = {isa = PBXBuildFile; fileRef = FE1B93CB2C52991B00D37708 /* SceneDelegate.swift */; };
		FE1B93CE2C52991B00D37708 /* ViewController.swift in Sources */ = {isa = PBXBuildFile; fileRef = FE1B93CD2C52991B00D37708 /* ViewController.swift */; };
		FE1B93D12C52991B00D37708 /* Main.storyboard in Resources */ = {isa = PBXBuildFile; fileRef = FE1B93CF2C52991B00D37708 /* Main.storyboard */; };
		FE1B93D32C52991C00D37708 /* Assets.xcassets in Resources */ = {isa = PBXBuildFile; fileRef = FE1B93D22C52991C00D37708 /* Assets.xcassets */; };
		FE1B93D62C52991C00D37708 /* LaunchScreen.storyboard in Resources */ = {isa = PBXBuildFile; fileRef = FE1B93D42C52991C00D37708 /* LaunchScreen.storyboard */; };
		FE1B93E12C52991C00D37708 /* MealsRecipeTests.swift in Sources */ = {isa = PBXBuildFile; fileRef = FE1B93E02C52991C00D37708 /* MealsRecipeTests.swift */; };
		FE1B93EB2C52991C00D37708 /* MealsRecipeUITests.swift in Sources */ = {isa = PBXBuildFile; fileRef = FE1B93EA2C52991C00D37708 /* MealsRecipeUITests.swift */; };
		FE1B93ED2C52991C00D37708 /* MealsRecipeUITestsLaunchTests.swift in Sources */ = {isa = PBXBuildFile; fileRef = FE1B93EC2C52991C00D37708 /* MealsRecipeUITestsLaunchTests.swift */; };
		FE1B93FC2C529ABE00D37708 /* RecipeTVCell.swift in Sources */ = {isa = PBXBuildFile; fileRef = FE1B93FA2C529ABE00D37708 /* RecipeTVCell.swift */; };
		FE1B93FD2C529ABE00D37708 /* RecipeTVCell.xib in Resources */ = {isa = PBXBuildFile; fileRef = FE1B93FB2C529ABE00D37708 /* RecipeTVCell.xib */; };
		FE1B94042C52B0ED00D37708 /* IngredientsCVCell.swift in Sources */ = {isa = PBXBuildFile; fileRef = FE1B94022C52B0ED00D37708 /* IngredientsCVCell.swift */; };
		FE1B94052C52B0ED00D37708 /* IngredientsCVCell.xib in Resources */ = {isa = PBXBuildFile; fileRef = FE1B94032C52B0ED00D37708 /* IngredientsCVCell.xib */; };
		FE1B94072C532FBE00D37708 /* RecipeDetailsVC.swift in Sources */ = {isa = PBXBuildFile; fileRef = FE1B94062C532FBE00D37708 /* RecipeDetailsVC.swift */; };
		FE1B940A2C53303900D37708 /* extension + UIView.swift in Sources */ = {isa = PBXBuildFile; fileRef = FE1B94092C53303900D37708 /* extension + UIView.swift */; };
		FE1B940D2C5334CD00D37708 /* IngredientsTVCell.swift in Sources */ = {isa = PBXBuildFile; fileRef = FE1B940B2C5334CD00D37708 /* IngredientsTVCell.swift */; };
		FE1B940E2C5334CD00D37708 /* IngredientsTVCell.xib in Resources */ = {isa = PBXBuildFile; fileRef = FE1B940C2C5334CD00D37708 /* IngredientsTVCell.xib */; };
		FE1B94122C533B9900D37708 /* RecipeModel.swift in Sources */ = {isa = PBXBuildFile; fileRef = FE1B94112C533B9900D37708 /* RecipeModel.swift */; };
		FE2FF6942C537459001601BE /* RecipeViewModel.swift in Sources */ = {isa = PBXBuildFile; fileRef = FE2FF6932C537459001601BE /* RecipeViewModel.swift */; };
		FE5464BC2C54B9BB00A26C7C /* RecipeModel.swift in Sources */ = {isa = PBXBuildFile; fileRef = FE1B94112C533B9900D37708 /* RecipeModel.swift */; };
		FE5464BD2C54BCB900A26C7C /* RecipeViewModel.swift in Sources */ = {isa = PBXBuildFile; fileRef = FE2FF6932C537459001601BE /* RecipeViewModel.swift */; };
/* End PBXBuildFile section */

/* Begin PBXContainerItemProxy section */
		FE1B93DD2C52991C00D37708 /* PBXContainerItemProxy */ = {
			isa = PBXContainerItemProxy;
			containerPortal = FE1B93BE2C52991B00D37708 /* Project object */;
			proxyType = 1;
			remoteGlobalIDString = FE1B93C52C52991B00D37708;
			remoteInfo = MealsRecipe;
		};
		FE1B93E72C52991C00D37708 /* PBXContainerItemProxy */ = {
			isa = PBXContainerItemProxy;
			containerPortal = FE1B93BE2C52991B00D37708 /* Project object */;
			proxyType = 1;
			remoteGlobalIDString = FE1B93C52C52991B00D37708;
			remoteInfo = MealsRecipe;
		};
/* End PBXContainerItemProxy section */

/* Begin PBXFileReference section */
		20ADAAFFA03C9B708334D5C4 /* Pods_MealsRecipeTests.framework */ = {isa = PBXFileReference; explicitFileType = wrapper.framework; includeInIndex = 0; path = Pods_MealsRecipeTests.framework; sourceTree = BUILT_PRODUCTS_DIR; };
		4A6AD4F4C87B6CD301E56050 /* Pods-MealsRecipe-MealsRecipeUITests.release.xcconfig */ = {isa = PBXFileReference; includeInIndex = 1; lastKnownFileType = text.xcconfig; name = "Pods-MealsRecipe-MealsRecipeUITests.release.xcconfig"; path = "Target Support Files/Pods-MealsRecipe-MealsRecipeUITests/Pods-MealsRecipe-MealsRecipeUITests.release.xcconfig"; sourceTree = "<group>"; };
		8CEB53E09825EA69829806CA /* Pods-MealsRecipeTests.debug.xcconfig */ = {isa = PBXFileReference; includeInIndex = 1; lastKnownFileType = text.xcconfig; name = "Pods-MealsRecipeTests.debug.xcconfig"; path = "Target Support Files/Pods-MealsRecipeTests/Pods-MealsRecipeTests.debug.xcconfig"; sourceTree = "<group>"; };
		C4D09561F6E5CA33E418E20D /* Pods_MealsRecipe.framework */ = {isa = PBXFileReference; explicitFileType = wrapper.framework; includeInIndex = 0; path = Pods_MealsRecipe.framework; sourceTree = BUILT_PRODUCTS_DIR; };
		CE8E55C21E7428D5AB936111 /* Pods-MealsRecipe.debug.xcconfig */ = {isa = PBXFileReference; includeInIndex = 1; lastKnownFileType = text.xcconfig; name = "Pods-MealsRecipe.debug.xcconfig"; path = "Target Support Files/Pods-MealsRecipe/Pods-MealsRecipe.debug.xcconfig"; sourceTree = "<group>"; };
		D111D4BB50447361F920E4E3 /* Pods-MealsRecipe-MealsRecipeUITests.debug.xcconfig */ = {isa = PBXFileReference; includeInIndex = 1; lastKnownFileType = text.xcconfig; name = "Pods-MealsRecipe-MealsRecipeUITests.debug.xcconfig"; path = "Target Support Files/Pods-MealsRecipe-MealsRecipeUITests/Pods-MealsRecipe-MealsRecipeUITests.debug.xcconfig"; sourceTree = "<group>"; };
		E0F4DFFD6B5248D47D002DFB /* Pods_MealsRecipe_MealsRecipeUITests.framework */ = {isa = PBXFileReference; explicitFileType = wrapper.framework; includeInIndex = 0; path = Pods_MealsRecipe_MealsRecipeUITests.framework; sourceTree = BUILT_PRODUCTS_DIR; };
		F3ACF73232280DBEA593C9B6 /* Pods-MealsRecipe.release.xcconfig */ = {isa = PBXFileReference; includeInIndex = 1; lastKnownFileType = text.xcconfig; name = "Pods-MealsRecipe.release.xcconfig"; path = "Target Support Files/Pods-MealsRecipe/Pods-MealsRecipe.release.xcconfig"; sourceTree = "<group>"; };
		F4581B6118918194F2935F37 /* Pods-MealsRecipeTests.release.xcconfig */ = {isa = PBXFileReference; includeInIndex = 1; lastKnownFileType = text.xcconfig; name = "Pods-MealsRecipeTests.release.xcconfig"; path = "Target Support Files/Pods-MealsRecipeTests/Pods-MealsRecipeTests.release.xcconfig"; sourceTree = "<group>"; };
		FE1B93C62C52991B00D37708 /* MealsRecipe.app */ = {isa = PBXFileReference; explicitFileType = wrapper.application; includeInIndex = 0; path = MealsRecipe.app; sourceTree = BUILT_PRODUCTS_DIR; };
		FE1B93C92C52991B00D37708 /* AppDelegate.swift */ = {isa = PBXFileReference; lastKnownFileType = sourcecode.swift; path = AppDelegate.swift; sourceTree = "<group>"; };
		FE1B93CB2C52991B00D37708 /* SceneDelegate.swift */ = {isa = PBXFileReference; lastKnownFileType = sourcecode.swift; path = SceneDelegate.swift; sourceTree = "<group>"; };
		FE1B93CD2C52991B00D37708 /* ViewController.swift */ = {isa = PBXFileReference; lastKnownFileType = sourcecode.swift; path = ViewController.swift; sourceTree = "<group>"; };
		FE1B93D02C52991B00D37708 /* Base */ = {isa = PBXFileReference; lastKnownFileType = file.storyboard; name = Base; path = Base.lproj/Main.storyboard; sourceTree = "<group>"; };
		FE1B93D22C52991C00D37708 /* Assets.xcassets */ = {isa = PBXFileReference; lastKnownFileType = folder.assetcatalog; path = Assets.xcassets; sourceTree = "<group>"; };
		FE1B93D52C52991C00D37708 /* Base */ = {isa = PBXFileReference; lastKnownFileType = file.storyboard; name = Base; path = Base.lproj/LaunchScreen.storyboard; sourceTree = "<group>"; };
		FE1B93D72C52991C00D37708 /* Info.plist */ = {isa = PBXFileReference; lastKnownFileType = text.plist.xml; path = Info.plist; sourceTree = "<group>"; };
		FE1B93DC2C52991C00D37708 /* MealsRecipeTests.xctest */ = {isa = PBXFileReference; explicitFileType = wrapper.cfbundle; includeInIndex = 0; path = MealsRecipeTests.xctest; sourceTree = BUILT_PRODUCTS_DIR; };
		FE1B93E02C52991C00D37708 /* MealsRecipeTests.swift */ = {isa = PBXFileReference; lastKnownFileType = sourcecode.swift; path = MealsRecipeTests.swift; sourceTree = "<group>"; };
		FE1B93E62C52991C00D37708 /* MealsRecipeUITests.xctest */ = {isa = PBXFileReference; explicitFileType = wrapper.cfbundle; includeInIndex = 0; path = MealsRecipeUITests.xctest; sourceTree = BUILT_PRODUCTS_DIR; };
		FE1B93EA2C52991C00D37708 /* MealsRecipeUITests.swift */ = {isa = PBXFileReference; lastKnownFileType = sourcecode.swift; path = MealsRecipeUITests.swift; sourceTree = "<group>"; };
		FE1B93EC2C52991C00D37708 /* MealsRecipeUITestsLaunchTests.swift */ = {isa = PBXFileReference; lastKnownFileType = sourcecode.swift; path = MealsRecipeUITestsLaunchTests.swift; sourceTree = "<group>"; };
		FE1B93FA2C529ABE00D37708 /* RecipeTVCell.swift */ = {isa = PBXFileReference; lastKnownFileType = sourcecode.swift; path = RecipeTVCell.swift; sourceTree = "<group>"; };
		FE1B93FB2C529ABE00D37708 /* RecipeTVCell.xib */ = {isa = PBXFileReference; lastKnownFileType = file.xib; path = RecipeTVCell.xib; sourceTree = "<group>"; };
		FE1B94022C52B0ED00D37708 /* IngredientsCVCell.swift */ = {isa = PBXFileReference; lastKnownFileType = sourcecode.swift; path = IngredientsCVCell.swift; sourceTree = "<group>"; };
		FE1B94032C52B0ED00D37708 /* IngredientsCVCell.xib */ = {isa = PBXFileReference; lastKnownFileType = file.xib; path = IngredientsCVCell.xib; sourceTree = "<group>"; };
		FE1B94062C532FBE00D37708 /* RecipeDetailsVC.swift */ = {isa = PBXFileReference; lastKnownFileType = sourcecode.swift; path = RecipeDetailsVC.swift; sourceTree = "<group>"; };
		FE1B94092C53303900D37708 /* extension + UIView.swift */ = {isa = PBXFileReference; lastKnownFileType = sourcecode.swift; path = "extension + UIView.swift"; sourceTree = "<group>"; };
		FE1B940B2C5334CD00D37708 /* IngredientsTVCell.swift */ = {isa = PBXFileReference; lastKnownFileType = sourcecode.swift; path = IngredientsTVCell.swift; sourceTree = "<group>"; };
		FE1B940C2C5334CD00D37708 /* IngredientsTVCell.xib */ = {isa = PBXFileReference; lastKnownFileType = file.xib; path = IngredientsTVCell.xib; sourceTree = "<group>"; };
		FE1B94112C533B9900D37708 /* RecipeModel.swift */ = {isa = PBXFileReference; lastKnownFileType = sourcecode.swift; path = RecipeModel.swift; sourceTree = "<group>"; };
		FE2FF6932C537459001601BE /* RecipeViewModel.swift */ = {isa = PBXFileReference; lastKnownFileType = sourcecode.swift; path = RecipeViewModel.swift; sourceTree = "<group>"; };
/* End PBXFileReference section */

/* Begin PBXFrameworksBuildPhase section */
		FE1B93C32C52991B00D37708 /* Frameworks */ = {
			isa = PBXFrameworksBuildPhase;
			buildActionMask = 2147483647;
			files = (
				5E9C722FC41395F1C9C7330F /* Pods_MealsRecipe.framework in Frameworks */,
			);
			runOnlyForDeploymentPostprocessing = 0;
		};
		FE1B93D92C52991C00D37708 /* Frameworks */ = {
			isa = PBXFrameworksBuildPhase;
			buildActionMask = 2147483647;
			files = (
				E46A88B1C4A7D9B7D83A312B /* Pods_MealsRecipeTests.framework in Frameworks */,
			);
			runOnlyForDeploymentPostprocessing = 0;
		};
		FE1B93E32C52991C00D37708 /* Frameworks */ = {
			isa = PBXFrameworksBuildPhase;
			buildActionMask = 2147483647;
			files = (
				550FC3AB530923DC4D6E2EAA /* Pods_MealsRecipe_MealsRecipeUITests.framework in Frameworks */,
			);
			runOnlyForDeploymentPostprocessing = 0;
		};
/* End PBXFrameworksBuildPhase section */

/* Begin PBXGroup section */
		9EFA5E456F978389BAC2D16A /* Frameworks */ = {
			isa = PBXGroup;
			children = (
				C4D09561F6E5CA33E418E20D /* Pods_MealsRecipe.framework */,
				E0F4DFFD6B5248D47D002DFB /* Pods_MealsRecipe_MealsRecipeUITests.framework */,
				20ADAAFFA03C9B708334D5C4 /* Pods_MealsRecipeTests.framework */,
			);
			name = Frameworks;
			sourceTree = "<group>";
		};
		CEE91ADDF4166847D0D2B253 /* Pods */ = {
			isa = PBXGroup;
			children = (
				CE8E55C21E7428D5AB936111 /* Pods-MealsRecipe.debug.xcconfig */,
				F3ACF73232280DBEA593C9B6 /* Pods-MealsRecipe.release.xcconfig */,
				D111D4BB50447361F920E4E3 /* Pods-MealsRecipe-MealsRecipeUITests.debug.xcconfig */,
				4A6AD4F4C87B6CD301E56050 /* Pods-MealsRecipe-MealsRecipeUITests.release.xcconfig */,
				8CEB53E09825EA69829806CA /* Pods-MealsRecipeTests.debug.xcconfig */,
				F4581B6118918194F2935F37 /* Pods-MealsRecipeTests.release.xcconfig */,
			);
			path = Pods;
			sourceTree = "<group>";
		};
		FE1B93BD2C52991B00D37708 = {
			isa = PBXGroup;
			children = (
				FE1B93C82C52991B00D37708 /* MealsRecipe */,
				FE1B93DF2C52991C00D37708 /* MealsRecipeTests */,
				FE1B93E92C52991C00D37708 /* MealsRecipeUITests */,
				FE1B93C72C52991B00D37708 /* Products */,
				CEE91ADDF4166847D0D2B253 /* Pods */,
				9EFA5E456F978389BAC2D16A /* Frameworks */,
			);
			sourceTree = "<group>";
		};
		FE1B93C72C52991B00D37708 /* Products */ = {
			isa = PBXGroup;
			children = (
				FE1B93C62C52991B00D37708 /* MealsRecipe.app */,
				FE1B93DC2C52991C00D37708 /* MealsRecipeTests.xctest */,
				FE1B93E62C52991C00D37708 /* MealsRecipeUITests.xctest */,
			);
			name = Products;
			sourceTree = "<group>";
		};
		FE1B93C82C52991B00D37708 /* MealsRecipe */ = {
			isa = PBXGroup;
			children = (
				FE5464B82C54B7D900A26C7C /* View */,
				FE5464B72C54B7C600A26C7C /* Controller */,
				FE2FF6912C535E82001601BE /* Model */,
				FE1B94082C53302500D37708 /* Extension */,
				FE2FF6922C537438001601BE /* ViewModel */,
				FE1B93F92C529A9400D37708 /* Cell */,
				FE1B93C92C52991B00D37708 /* AppDelegate.swift */,
				FE1B93CB2C52991B00D37708 /* SceneDelegate.swift */,
				FE1B93D22C52991C00D37708 /* Assets.xcassets */,
				FE1B93D72C52991C00D37708 /* Info.plist */,
			);
			path = MealsRecipe;
			sourceTree = "<group>";
		};
		FE1B93DF2C52991C00D37708 /* MealsRecipeTests */ = {
			isa = PBXGroup;
			children = (
				FE1B93E02C52991C00D37708 /* MealsRecipeTests.swift */,
			);
			path = MealsRecipeTests;
			sourceTree = "<group>";
		};
		FE1B93E92C52991C00D37708 /* MealsRecipeUITests */ = {
			isa = PBXGroup;
			children = (
				FE1B93EA2C52991C00D37708 /* MealsRecipeUITests.swift */,
				FE1B93EC2C52991C00D37708 /* MealsRecipeUITestsLaunchTests.swift */,
			);
			path = MealsRecipeUITests;
			sourceTree = "<group>";
		};
		FE1B93F92C529A9400D37708 /* Cell */ = {
			isa = PBXGroup;
			children = (
				FE1B93FA2C529ABE00D37708 /* RecipeTVCell.swift */,
				FE1B93FB2C529ABE00D37708 /* RecipeTVCell.xib */,
				FE1B94022C52B0ED00D37708 /* IngredientsCVCell.swift */,
				FE1B94032C52B0ED00D37708 /* IngredientsCVCell.xib */,
				FE1B940B2C5334CD00D37708 /* IngredientsTVCell.swift */,
				FE1B940C2C5334CD00D37708 /* IngredientsTVCell.xib */,
			);
			path = Cell;
			sourceTree = "<group>";
		};
		FE1B94082C53302500D37708 /* Extension */ = {
			isa = PBXGroup;
			children = (
				FE1B94092C53303900D37708 /* extension + UIView.swift */,
			);
			path = Extension;
			sourceTree = "<group>";
		};
		FE2FF6912C535E82001601BE /* Model */ = {
			isa = PBXGroup;
			children = (
				FE1B94112C533B9900D37708 /* RecipeModel.swift */,
			);
			path = Model;
			sourceTree = "<group>";
		};
		FE2FF6922C537438001601BE /* ViewModel */ = {
			isa = PBXGroup;
			children = (
				FE2FF6932C537459001601BE /* RecipeViewModel.swift */,
			);
			path = ViewModel;
			sourceTree = "<group>";
		};
		FE5464B72C54B7C600A26C7C /* Controller */ = {
			isa = PBXGroup;
			children = (
				FE1B93CD2C52991B00D37708 /* ViewController.swift */,
				FE1B94062C532FBE00D37708 /* RecipeDetailsVC.swift */,
			);
			path = Controller;
			sourceTree = "<group>";
		};
		FE5464B82C54B7D900A26C7C /* View */ = {
			isa = PBXGroup;
			children = (
				FE1B93D42C52991C00D37708 /* LaunchScreen.storyboard */,
				FE1B93CF2C52991B00D37708 /* Main.storyboard */,
			);
			path = View;
			sourceTree = "<group>";
		};
/* End PBXGroup section */

/* Begin PBXNativeTarget section */
		FE1B93C52C52991B00D37708 /* MealsRecipe */ = {
			isa = PBXNativeTarget;
			buildConfigurationList = FE1B93F02C52991C00D37708 /* Build configuration list for PBXNativeTarget "MealsRecipe" */;
			buildPhases = (
				ADF8F854BE8819C2E76861BF /* [CP] Check Pods Manifest.lock */,
				FE1B93C22C52991B00D37708 /* Sources */,
				FE1B93C32C52991B00D37708 /* Frameworks */,
				FE1B93C42C52991B00D37708 /* Resources */,
				97A1B8147A7A6A8CF7288A26 /* [CP] Embed Pods Frameworks */,
			);
			buildRules = (
			);
			dependencies = (
			);
			name = MealsRecipe;
			productName = MealsRecipe;
			productReference = FE1B93C62C52991B00D37708 /* MealsRecipe.app */;
			productType = "com.apple.product-type.application";
		};
		FE1B93DB2C52991C00D37708 /* MealsRecipeTests */ = {
			isa = PBXNativeTarget;
			buildConfigurationList = FE1B93F32C52991C00D37708 /* Build configuration list for PBXNativeTarget "MealsRecipeTests" */;
			buildPhases = (
				55A133372C99569D56A93CB7 /* [CP] Check Pods Manifest.lock */,
				FE1B93D82C52991C00D37708 /* Sources */,
				FE1B93D92C52991C00D37708 /* Frameworks */,
				FE1B93DA2C52991C00D37708 /* Resources */,
			);
			buildRules = (
			);
			dependencies = (
				FE1B93DE2C52991C00D37708 /* PBXTargetDependency */,
			);
			name = MealsRecipeTests;
			productName = MealsRecipeTests;
			productReference = FE1B93DC2C52991C00D37708 /* MealsRecipeTests.xctest */;
			productType = "com.apple.product-type.bundle.unit-test";
		};
		FE1B93E52C52991C00D37708 /* MealsRecipeUITests */ = {
			isa = PBXNativeTarget;
			buildConfigurationList = FE1B93F62C52991C00D37708 /* Build configuration list for PBXNativeTarget "MealsRecipeUITests" */;
			buildPhases = (
				8DA60944A8B8F10D30C79FE5 /* [CP] Check Pods Manifest.lock */,
				FE1B93E22C52991C00D37708 /* Sources */,
				FE1B93E32C52991C00D37708 /* Frameworks */,
				FE1B93E42C52991C00D37708 /* Resources */,
				1378DEC4B92515A7EC2A0B60 /* [CP] Embed Pods Frameworks */,
			);
			buildRules = (
			);
			dependencies = (
				FE1B93E82C52991C00D37708 /* PBXTargetDependency */,
			);
			name = MealsRecipeUITests;
			productName = MealsRecipeUITests;
			productReference = FE1B93E62C52991C00D37708 /* MealsRecipeUITests.xctest */;
			productType = "com.apple.product-type.bundle.ui-testing";
		};
/* End PBXNativeTarget section */

/* Begin PBXProject section */
		FE1B93BE2C52991B00D37708 /* Project object */ = {
			isa = PBXProject;
			attributes = {
				BuildIndependentTargetsInParallel = 1;
				LastSwiftUpdateCheck = 1510;
				LastUpgradeCheck = 1510;
				TargetAttributes = {
					FE1B93C52C52991B00D37708 = {
						CreatedOnToolsVersion = 15.1;
					};
					FE1B93DB2C52991C00D37708 = {
						CreatedOnToolsVersion = 15.1;
						TestTargetID = FE1B93C52C52991B00D37708;
					};
					FE1B93E52C52991C00D37708 = {
						CreatedOnToolsVersion = 15.1;
						TestTargetID = FE1B93C52C52991B00D37708;
					};
				};
			};
			buildConfigurationList = FE1B93C12C52991B00D37708 /* Build configuration list for PBXProject "MealsRecipe" */;
			compatibilityVersion = "Xcode 14.0";
			developmentRegion = en;
			hasScannedForEncodings = 0;
			knownRegions = (
				en,
				Base,
			);
			mainGroup = FE1B93BD2C52991B00D37708;
			productRefGroup = FE1B93C72C52991B00D37708 /* Products */;
			projectDirPath = "";
			projectRoot = "";
			targets = (
				FE1B93C52C52991B00D37708 /* MealsRecipe */,
				FE1B93DB2C52991C00D37708 /* MealsRecipeTests */,
				FE1B93E52C52991C00D37708 /* MealsRecipeUITests */,
			);
		};
/* End PBXProject section */

/* Begin PBXResourcesBuildPhase section */
		FE1B93C42C52991B00D37708 /* Resources */ = {
			isa = PBXResourcesBuildPhase;
			buildActionMask = 2147483647;
			files = (
				FE1B940E2C5334CD00D37708 /* IngredientsTVCell.xib in Resources */,
				FE1B94052C52B0ED00D37708 /* IngredientsCVCell.xib in Resources */,
				FE1B93D62C52991C00D37708 /* LaunchScreen.storyboard in Resources */,
				FE1B93D32C52991C00D37708 /* Assets.xcassets in Resources */,
				FE1B93D12C52991B00D37708 /* Main.storyboard in Resources */,
				FE1B93FD2C529ABE00D37708 /* RecipeTVCell.xib in Resources */,
			);
			runOnlyForDeploymentPostprocessing = 0;
		};
		FE1B93DA2C52991C00D37708 /* Resources */ = {
			isa = PBXResourcesBuildPhase;
			buildActionMask = 2147483647;
			files = (
			);
			runOnlyForDeploymentPostprocessing = 0;
		};
		FE1B93E42C52991C00D37708 /* Resources */ = {
			isa = PBXResourcesBuildPhase;
			buildActionMask = 2147483647;
			files = (
			);
			runOnlyForDeploymentPostprocessing = 0;
		};
/* End PBXResourcesBuildPhase section */

/* Begin PBXShellScriptBuildPhase section */
		1378DEC4B92515A7EC2A0B60 /* [CP] Embed Pods Frameworks */ = {
			isa = PBXShellScriptBuildPhase;
			buildActionMask = 2147483647;
			files = (
			);
			inputFileListPaths = (
				"${PODS_ROOT}/Target Support Files/Pods-MealsRecipe-MealsRecipeUITests/Pods-MealsRecipe-MealsRecipeUITests-frameworks-${CONFIGURATION}-input-files.xcfilelist",
			);
			name = "[CP] Embed Pods Frameworks";
			outputFileListPaths = (
				"${PODS_ROOT}/Target Support Files/Pods-MealsRecipe-MealsRecipeUITests/Pods-MealsRecipe-MealsRecipeUITests-frameworks-${CONFIGURATION}-output-files.xcfilelist",
			);
			runOnlyForDeploymentPostprocessing = 0;
			shellPath = /bin/sh;
			shellScript = "\"${PODS_ROOT}/Target Support Files/Pods-MealsRecipe-MealsRecipeUITests/Pods-MealsRecipe-MealsRecipeUITests-frameworks.sh\"\n";
			showEnvVarsInLog = 0;
		};
		55A133372C99569D56A93CB7 /* [CP] Check Pods Manifest.lock */ = {
			isa = PBXShellScriptBuildPhase;
			buildActionMask = 2147483647;
			files = (
			);
			inputFileListPaths = (
			);
			inputPaths = (
				"${PODS_PODFILE_DIR_PATH}/Podfile.lock",
				"${PODS_ROOT}/Manifest.lock",
			);
			name = "[CP] Check Pods Manifest.lock";
			outputFileListPaths = (
			);
			outputPaths = (
				"$(DERIVED_FILE_DIR)/Pods-MealsRecipeTests-checkManifestLockResult.txt",
			);
			runOnlyForDeploymentPostprocessing = 0;
			shellPath = /bin/sh;
			shellScript = "diff \"${PODS_PODFILE_DIR_PATH}/Podfile.lock\" \"${PODS_ROOT}/Manifest.lock\" > /dev/null\nif [ $? != 0 ] ; then\n    # print error to STDERR\n    echo \"error: The sandbox is not in sync with the Podfile.lock. Run 'pod install' or update your CocoaPods installation.\" >&2\n    exit 1\nfi\n# This output is used by Xcode 'outputs' to avoid re-running this script phase.\necho \"SUCCESS\" > \"${SCRIPT_OUTPUT_FILE_0}\"\n";
			showEnvVarsInLog = 0;
		};
		8DA60944A8B8F10D30C79FE5 /* [CP] Check Pods Manifest.lock */ = {
			isa = PBXShellScriptBuildPhase;
			buildActionMask = 2147483647;
			files = (
			);
			inputFileListPaths = (
			);
			inputPaths = (
				"${PODS_PODFILE_DIR_PATH}/Podfile.lock",
				"${PODS_ROOT}/Manifest.lock",
			);
			name = "[CP] Check Pods Manifest.lock";
			outputFileListPaths = (
			);
			outputPaths = (
				"$(DERIVED_FILE_DIR)/Pods-MealsRecipe-MealsRecipeUITests-checkManifestLockResult.txt",
			);
			runOnlyForDeploymentPostprocessing = 0;
			shellPath = /bin/sh;
			shellScript = "diff \"${PODS_PODFILE_DIR_PATH}/Podfile.lock\" \"${PODS_ROOT}/Manifest.lock\" > /dev/null\nif [ $? != 0 ] ; then\n    # print error to STDERR\n    echo \"error: The sandbox is not in sync with the Podfile.lock. Run 'pod install' or update your CocoaPods installation.\" >&2\n    exit 1\nfi\n# This output is used by Xcode 'outputs' to avoid re-running this script phase.\necho \"SUCCESS\" > \"${SCRIPT_OUTPUT_FILE_0}\"\n";
			showEnvVarsInLog = 0;
		};
		97A1B8147A7A6A8CF7288A26 /* [CP] Embed Pods Frameworks */ = {
			isa = PBXShellScriptBuildPhase;
			buildActionMask = 2147483647;
			files = (
			);
			inputFileListPaths = (
				"${PODS_ROOT}/Target Support Files/Pods-MealsRecipe/Pods-MealsRecipe-frameworks-${CONFIGURATION}-input-files.xcfilelist",
			);
			name = "[CP] Embed Pods Frameworks";
			outputFileListPaths = (
				"${PODS_ROOT}/Target Support Files/Pods-MealsRecipe/Pods-MealsRecipe-frameworks-${CONFIGURATION}-output-files.xcfilelist",
			);
			runOnlyForDeploymentPostprocessing = 0;
			shellPath = /bin/sh;
			shellScript = "\"${PODS_ROOT}/Target Support Files/Pods-MealsRecipe/Pods-MealsRecipe-frameworks.sh\"\n";
			showEnvVarsInLog = 0;
		};
		ADF8F854BE8819C2E76861BF /* [CP] Check Pods Manifest.lock */ = {
			isa = PBXShellScriptBuildPhase;
			buildActionMask = 2147483647;
			files = (
			);
			inputFileListPaths = (
			);
			inputPaths = (
				"${PODS_PODFILE_DIR_PATH}/Podfile.lock",
				"${PODS_ROOT}/Manifest.lock",
			);
			name = "[CP] Check Pods Manifest.lock";
			outputFileListPaths = (
			);
			outputPaths = (
				"$(DERIVED_FILE_DIR)/Pods-MealsRecipe-checkManifestLockResult.txt",
			);
			runOnlyForDeploymentPostprocessing = 0;
			shellPath = /bin/sh;
			shellScript = "diff \"${PODS_PODFILE_DIR_PATH}/Podfile.lock\" \"${PODS_ROOT}/Manifest.lock\" > /dev/null\nif [ $? != 0 ] ; then\n    # print error to STDERR\n    echo \"error: The sandbox is not in sync with the Podfile.lock. Run 'pod install' or update your CocoaPods installation.\" >&2\n    exit 1\nfi\n# This output is used by Xcode 'outputs' to avoid re-running this script phase.\necho \"SUCCESS\" > \"${SCRIPT_OUTPUT_FILE_0}\"\n";
			showEnvVarsInLog = 0;
		};
/* End PBXShellScriptBuildPhase section */

/* Begin PBXSourcesBuildPhase section */
		FE1B93C22C52991B00D37708 /* Sources */ = {
			isa = PBXSourcesBuildPhase;
			buildActionMask = 2147483647;
			files = (
				FE1B940D2C5334CD00D37708 /* IngredientsTVCell.swift in Sources */,
				FE1B93CE2C52991B00D37708 /* ViewController.swift in Sources */,
				FE1B93CA2C52991B00D37708 /* AppDelegate.swift in Sources */,
				FE1B93CC2C52991B00D37708 /* SceneDelegate.swift in Sources */,
				FE1B93FC2C529ABE00D37708 /* RecipeTVCell.swift in Sources */,
				FE1B94122C533B9900D37708 /* RecipeModel.swift in Sources */,
				FE1B94042C52B0ED00D37708 /* IngredientsCVCell.swift in Sources */,
				FE2FF6942C537459001601BE /* RecipeViewModel.swift in Sources */,
				FE1B94072C532FBE00D37708 /* RecipeDetailsVC.swift in Sources */,
				FE1B940A2C53303900D37708 /* extension + UIView.swift in Sources */,
			);
			runOnlyForDeploymentPostprocessing = 0;
		};
		FE1B93D82C52991C00D37708 /* Sources */ = {
			isa = PBXSourcesBuildPhase;
			buildActionMask = 2147483647;
			files = (
				FE5464BD2C54BCB900A26C7C /* RecipeViewModel.swift in Sources */,
				FE1B93E12C52991C00D37708 /* MealsRecipeTests.swift in Sources */,
				FE5464BC2C54B9BB00A26C7C /* RecipeModel.swift in Sources */,
			);
			runOnlyForDeploymentPostprocessing = 0;
		};
		FE1B93E22C52991C00D37708 /* Sources */ = {
			isa = PBXSourcesBuildPhase;
			buildActionMask = 2147483647;
			files = (
				FE1B93EB2C52991C00D37708 /* MealsRecipeUITests.swift in Sources */,
				FE1B93ED2C52991C00D37708 /* MealsRecipeUITestsLaunchTests.swift in Sources */,
			);
			runOnlyForDeploymentPostprocessing = 0;
		};
/* End PBXSourcesBuildPhase section */

/* Begin PBXTargetDependency section */
		FE1B93DE2C52991C00D37708 /* PBXTargetDependency */ = {
			isa = PBXTargetDependency;
			target = FE1B93C52C52991B00D37708 /* MealsRecipe */;
			targetProxy = FE1B93DD2C52991C00D37708 /* PBXContainerItemProxy */;
		};
		FE1B93E82C52991C00D37708 /* PBXTargetDependency */ = {
			isa = PBXTargetDependency;
			target = FE1B93C52C52991B00D37708 /* MealsRecipe */;
			targetProxy = FE1B93E72C52991C00D37708 /* PBXContainerItemProxy */;
		};
/* End PBXTargetDependency section */

/* Begin PBXVariantGroup section */
		FE1B93CF2C52991B00D37708 /* Main.storyboard */ = {
			isa = PBXVariantGroup;
			children = (
				FE1B93D02C52991B00D37708 /* Base */,
			);
			name = Main.storyboard;
			sourceTree = "<group>";
		};
		FE1B93D42C52991C00D37708 /* LaunchScreen.storyboard */ = {
			isa = PBXVariantGroup;
			children = (
				FE1B93D52C52991C00D37708 /* Base */,
			);
			name = LaunchScreen.storyboard;
			sourceTree = "<group>";
		};
/* End PBXVariantGroup section */

/* Begin XCBuildConfiguration section */
		FE1B93EE2C52991C00D37708 /* Debug */ = {
			isa = XCBuildConfiguration;
			buildSettings = {
				ALWAYS_SEARCH_USER_PATHS = NO;
				ASSETCATALOG_COMPILER_GENERATE_SWIFT_ASSET_SYMBOL_EXTENSIONS = YES;
				CLANG_ANALYZER_NONNULL = YES;
				CLANG_ANALYZER_NUMBER_OBJECT_CONVERSION = YES_AGGRESSIVE;
				CLANG_CXX_LANGUAGE_STANDARD = "gnu++20";
				CLANG_ENABLE_MODULES = YES;
				CLANG_ENABLE_OBJC_ARC = YES;
				CLANG_ENABLE_OBJC_WEAK = YES;
				CLANG_WARN_BLOCK_CAPTURE_AUTORELEASING = YES;
				CLANG_WARN_BOOL_CONVERSION = YES;
				CLANG_WARN_COMMA = YES;
				CLANG_WARN_CONSTANT_CONVERSION = YES;
				CLANG_WARN_DEPRECATED_OBJC_IMPLEMENTATIONS = YES;
				CLANG_WARN_DIRECT_OBJC_ISA_USAGE = YES_ERROR;
				CLANG_WARN_DOCUMENTATION_COMMENTS = YES;
				CLANG_WARN_EMPTY_BODY = YES;
				CLANG_WARN_ENUM_CONVERSION = YES;
				CLANG_WARN_INFINITE_RECURSION = YES;
				CLANG_WARN_INT_CONVERSION = YES;
				CLANG_WARN_NON_LITERAL_NULL_CONVERSION = YES;
				CLANG_WARN_OBJC_IMPLICIT_RETAIN_SELF = YES;
				CLANG_WARN_OBJC_LITERAL_CONVERSION = YES;
				CLANG_WARN_OBJC_ROOT_CLASS = YES_ERROR;
				CLANG_WARN_QUOTED_INCLUDE_IN_FRAMEWORK_HEADER = YES;
				CLANG_WARN_RANGE_LOOP_ANALYSIS = YES;
				CLANG_WARN_STRICT_PROTOTYPES = YES;
				CLANG_WARN_SUSPICIOUS_MOVE = YES;
				CLANG_WARN_UNGUARDED_AVAILABILITY = YES_AGGRESSIVE;
				CLANG_WARN_UNREACHABLE_CODE = YES;
				CLANG_WARN__DUPLICATE_METHOD_MATCH = YES;
				COPY_PHASE_STRIP = NO;
				DEBUG_INFORMATION_FORMAT = dwarf;
				ENABLE_STRICT_OBJC_MSGSEND = YES;
				ENABLE_TESTABILITY = YES;
				ENABLE_USER_SCRIPT_SANDBOXING = YES;
				GCC_C_LANGUAGE_STANDARD = gnu17;
				GCC_DYNAMIC_NO_PIC = NO;
				GCC_NO_COMMON_BLOCKS = YES;
				GCC_OPTIMIZATION_LEVEL = 0;
				GCC_PREPROCESSOR_DEFINITIONS = (
					"DEBUG=1",
					"$(inherited)",
				);
				GCC_WARN_64_TO_32_BIT_CONVERSION = YES;
				GCC_WARN_ABOUT_RETURN_TYPE = YES_ERROR;
				GCC_WARN_UNDECLARED_SELECTOR = YES;
				GCC_WARN_UNINITIALIZED_AUTOS = YES_AGGRESSIVE;
				GCC_WARN_UNUSED_FUNCTION = YES;
				GCC_WARN_UNUSED_VARIABLE = YES;
				IPHONEOS_DEPLOYMENT_TARGET = 17.2;
				LOCALIZATION_PREFERS_STRING_CATALOGS = YES;
				MTL_ENABLE_DEBUG_INFO = INCLUDE_SOURCE;
				MTL_FAST_MATH = YES;
				ONLY_ACTIVE_ARCH = YES;
				SDKROOT = iphoneos;
				SWIFT_ACTIVE_COMPILATION_CONDITIONS = "DEBUG $(inherited)";
				SWIFT_OPTIMIZATION_LEVEL = "-Onone";
			};
			name = Debug;
		};
		FE1B93EF2C52991C00D37708 /* Release */ = {
			isa = XCBuildConfiguration;
			buildSettings = {
				ALWAYS_SEARCH_USER_PATHS = NO;
				ASSETCATALOG_COMPILER_GENERATE_SWIFT_ASSET_SYMBOL_EXTENSIONS = YES;
				CLANG_ANALYZER_NONNULL = YES;
				CLANG_ANALYZER_NUMBER_OBJECT_CONVERSION = YES_AGGRESSIVE;
				CLANG_CXX_LANGUAGE_STANDARD = "gnu++20";
				CLANG_ENABLE_MODULES = YES;
				CLANG_ENABLE_OBJC_ARC = YES;
				CLANG_ENABLE_OBJC_WEAK = YES;
				CLANG_WARN_BLOCK_CAPTURE_AUTORELEASING = YES;
				CLANG_WARN_BOOL_CONVERSION = YES;
				CLANG_WARN_COMMA = YES;
				CLANG_WARN_CONSTANT_CONVERSION = YES;
				CLANG_WARN_DEPRECATED_OBJC_IMPLEMENTATIONS = YES;
				CLANG_WARN_DIRECT_OBJC_ISA_USAGE = YES_ERROR;
				CLANG_WARN_DOCUMENTATION_COMMENTS = YES;
				CLANG_WARN_EMPTY_BODY = YES;
				CLANG_WARN_ENUM_CONVERSION = YES;
				CLANG_WARN_INFINITE_RECURSION = YES;
				CLANG_WARN_INT_CONVERSION = YES;
				CLANG_WARN_NON_LITERAL_NULL_CONVERSION = YES;
				CLANG_WARN_OBJC_IMPLICIT_RETAIN_SELF = YES;
				CLANG_WARN_OBJC_LITERAL_CONVERSION = YES;
				CLANG_WARN_OBJC_ROOT_CLASS = YES_ERROR;
				CLANG_WARN_QUOTED_INCLUDE_IN_FRAMEWORK_HEADER = YES;
				CLANG_WARN_RANGE_LOOP_ANALYSIS = YES;
				CLANG_WARN_STRICT_PROTOTYPES = YES;
				CLANG_WARN_SUSPICIOUS_MOVE = YES;
				CLANG_WARN_UNGUARDED_AVAILABILITY = YES_AGGRESSIVE;
				CLANG_WARN_UNREACHABLE_CODE = YES;
				CLANG_WARN__DUPLICATE_METHOD_MATCH = YES;
				COPY_PHASE_STRIP = NO;
				DEBUG_INFORMATION_FORMAT = "dwarf-with-dsym";
				ENABLE_NS_ASSERTIONS = NO;
				ENABLE_STRICT_OBJC_MSGSEND = YES;
				ENABLE_USER_SCRIPT_SANDBOXING = YES;
				GCC_C_LANGUAGE_STANDARD = gnu17;
				GCC_NO_COMMON_BLOCKS = YES;
				GCC_WARN_64_TO_32_BIT_CONVERSION = YES;
				GCC_WARN_ABOUT_RETURN_TYPE = YES_ERROR;
				GCC_WARN_UNDECLARED_SELECTOR = YES;
				GCC_WARN_UNINITIALIZED_AUTOS = YES_AGGRESSIVE;
				GCC_WARN_UNUSED_FUNCTION = YES;
				GCC_WARN_UNUSED_VARIABLE = YES;
				IPHONEOS_DEPLOYMENT_TARGET = 17.2;
				LOCALIZATION_PREFERS_STRING_CATALOGS = YES;
				MTL_ENABLE_DEBUG_INFO = NO;
				MTL_FAST_MATH = YES;
				SDKROOT = iphoneos;
				SWIFT_COMPILATION_MODE = wholemodule;
				VALIDATE_PRODUCT = YES;
			};
			name = Release;
		};
		FE1B93F12C52991C00D37708 /* Debug */ = {
			isa = XCBuildConfiguration;
			baseConfigurationReference = CE8E55C21E7428D5AB936111 /* Pods-MealsRecipe.debug.xcconfig */;
			buildSettings = {
				ASSETCATALOG_COMPILER_APPICON_NAME = AppIcon;
				ASSETCATALOG_COMPILER_GLOBAL_ACCENT_COLOR_NAME = AccentColor;
				CODE_SIGN_STYLE = Automatic;
				CURRENT_PROJECT_VERSION = 1;
				ENABLE_USER_SCRIPT_SANDBOXING = NO;
				GENERATE_INFOPLIST_FILE = YES;
				INFOPLIST_FILE = MealsRecipe/Info.plist;
				INFOPLIST_KEY_UIApplicationSupportsIndirectInputEvents = YES;
				INFOPLIST_KEY_UILaunchStoryboardName = LaunchScreen;
				INFOPLIST_KEY_UIMainStoryboardFile = Main;
				INFOPLIST_KEY_UISupportedInterfaceOrientations_iPad = "UIInterfaceOrientationPortrait UIInterfaceOrientationPortraitUpsideDown UIInterfaceOrientationLandscapeLeft UIInterfaceOrientationLandscapeRight";
				INFOPLIST_KEY_UISupportedInterfaceOrientations_iPhone = "UIInterfaceOrientationPortrait UIInterfaceOrientationLandscapeLeft UIInterfaceOrientationLandscapeRight";
				IPHONEOS_DEPLOYMENT_TARGET = 13.0;
				LD_RUNPATH_SEARCH_PATHS = (
					"$(inherited)",
					"@executable_path/Frameworks",
				);
				MARKETING_VERSION = 1.0;
				PRODUCT_BUNDLE_IDENTIFIER = test.MealsRecipe;
				PRODUCT_NAME = "$(TARGET_NAME)";
				SWIFT_EMIT_LOC_STRINGS = YES;
				SWIFT_VERSION = 5.0;
				TARGETED_DEVICE_FAMILY = "1,2";
			};
			name = Debug;
		};
		FE1B93F22C52991C00D37708 /* Release */ = {
			isa = XCBuildConfiguration;
			baseConfigurationReference = F3ACF73232280DBEA593C9B6 /* Pods-MealsRecipe.release.xcconfig */;
			buildSettings = {
				ASSETCATALOG_COMPILER_APPICON_NAME = AppIcon;
				ASSETCATALOG_COMPILER_GLOBAL_ACCENT_COLOR_NAME = AccentColor;
				CODE_SIGN_STYLE = Automatic;
				CURRENT_PROJECT_VERSION = 1;
				ENABLE_USER_SCRIPT_SANDBOXING = NO;
				GENERATE_INFOPLIST_FILE = YES;
				INFOPLIST_FILE = MealsRecipe/Info.plist;
				INFOPLIST_KEY_UIApplicationSupportsIndirectInputEvents = YES;
				INFOPLIST_KEY_UILaunchStoryboardName = LaunchScreen;
				INFOPLIST_KEY_UIMainStoryboardFile = Main;
				INFOPLIST_KEY_UISupportedInterfaceOrientations_iPad = "UIInterfaceOrientationPortrait UIInterfaceOrientationPortraitUpsideDown UIInterfaceOrientationLandscapeLeft UIInterfaceOrientationLandscapeRight";
				INFOPLIST_KEY_UISupportedInterfaceOrientations_iPhone = "UIInterfaceOrientationPortrait UIInterfaceOrientationLandscapeLeft UIInterfaceOrientationLandscapeRight";
				IPHONEOS_DEPLOYMENT_TARGET = 13.0;
				LD_RUNPATH_SEARCH_PATHS = (
					"$(inherited)",
					"@executable_path/Frameworks",
				);
				MARKETING_VERSION = 1.0;
				PRODUCT_BUNDLE_IDENTIFIER = test.MealsRecipe;
				PRODUCT_NAME = "$(TARGET_NAME)";
				SWIFT_EMIT_LOC_STRINGS = YES;
				SWIFT_VERSION = 5.0;
				TARGETED_DEVICE_FAMILY = "1,2";
			};
			name = Release;
		};
		FE1B93F42C52991C00D37708 /* Debug */ = {
			isa = XCBuildConfiguration;
			baseConfigurationReference = 8CEB53E09825EA69829806CA /* Pods-MealsRecipeTests.debug.xcconfig */;
			buildSettings = {
				ALWAYS_EMBED_SWIFT_STANDARD_LIBRARIES = YES;
				BUNDLE_LOADER = "$(TEST_HOST)";
				CODE_SIGN_STYLE = Automatic;
				CURRENT_PROJECT_VERSION = 1;
				GENERATE_INFOPLIST_FILE = YES;
				IPHONEOS_DEPLOYMENT_TARGET = 17.2;
				MARKETING_VERSION = 1.0;
				PRODUCT_BUNDLE_IDENTIFIER = test.MealsRecipeTests;
				PRODUCT_NAME = "$(TARGET_NAME)";
				SWIFT_EMIT_LOC_STRINGS = NO;
				SWIFT_VERSION = 5.0;
				TARGETED_DEVICE_FAMILY = "1,2";
				TEST_HOST = "$(BUILT_PRODUCTS_DIR)/MealsRecipe.app/$(BUNDLE_EXECUTABLE_FOLDER_PATH)/MealsRecipe";
			};
			name = Debug;
		};
		FE1B93F52C52991C00D37708 /* Release */ = {
			isa = XCBuildConfiguration;
			baseConfigurationReference = F4581B6118918194F2935F37 /* Pods-MealsRecipeTests.release.xcconfig */;
			buildSettings = {
				ALWAYS_EMBED_SWIFT_STANDARD_LIBRARIES = YES;
				BUNDLE_LOADER = "$(TEST_HOST)";
				CODE_SIGN_STYLE = Automatic;
				CURRENT_PROJECT_VERSION = 1;
				GENERATE_INFOPLIST_FILE = YES;
				IPHONEOS_DEPLOYMENT_TARGET = 17.2;
				MARKETING_VERSION = 1.0;
				PRODUCT_BUNDLE_IDENTIFIER = test.MealsRecipeTests;
				PRODUCT_NAME = "$(TARGET_NAME)";
				SWIFT_EMIT_LOC_STRINGS = NO;
				SWIFT_VERSION = 5.0;
				TARGETED_DEVICE_FAMILY = "1,2";
				TEST_HOST = "$(BUILT_PRODUCTS_DIR)/MealsRecipe.app/$(BUNDLE_EXECUTABLE_FOLDER_PATH)/MealsRecipe";
			};
			name = Release;
		};
		FE1B93F72C52991C00D37708 /* Debug */ = {
			isa = XCBuildConfiguration;
			baseConfigurationReference = D111D4BB50447361F920E4E3 /* Pods-MealsRecipe-MealsRecipeUITests.debug.xcconfig */;
			buildSettings = {
				ALWAYS_EMBED_SWIFT_STANDARD_LIBRARIES = YES;
				CODE_SIGN_STYLE = Automatic;
				CURRENT_PROJECT_VERSION = 1;
				GENERATE_INFOPLIST_FILE = YES;
				MARKETING_VERSION = 1.0;
				PRODUCT_BUNDLE_IDENTIFIER = test.MealsRecipeUITests;
				PRODUCT_NAME = "$(TARGET_NAME)";
				SWIFT_EMIT_LOC_STRINGS = NO;
				SWIFT_VERSION = 5.0;
				TARGETED_DEVICE_FAMILY = "1,2";
				TEST_TARGET_NAME = MealsRecipe;
			};
			name = Debug;
		};
		FE1B93F82C52991C00D37708 /* Release */ = {
			isa = XCBuildConfiguration;
			baseConfigurationReference = 4A6AD4F4C87B6CD301E56050 /* Pods-MealsRecipe-MealsRecipeUITests.release.xcconfig */;
			buildSettings = {
				ALWAYS_EMBED_SWIFT_STANDARD_LIBRARIES = YES;
				CODE_SIGN_STYLE = Automatic;
				CURRENT_PROJECT_VERSION = 1;
				GENERATE_INFOPLIST_FILE = YES;
				MARKETING_VERSION = 1.0;
				PRODUCT_BUNDLE_IDENTIFIER = test.MealsRecipeUITests;
				PRODUCT_NAME = "$(TARGET_NAME)";
				SWIFT_EMIT_LOC_STRINGS = NO;
				SWIFT_VERSION = 5.0;
				TARGETED_DEVICE_FAMILY = "1,2";
				TEST_TARGET_NAME = MealsRecipe;
			};
			name = Release;
		};
/* End XCBuildConfiguration section */

/* Begin XCConfigurationList section */
		FE1B93C12C52991B00D37708 /* Build configuration list for PBXProject "MealsRecipe" */ = {
			isa = XCConfigurationList;
			buildConfigurations = (
				FE1B93EE2C52991C00D37708 /* Debug */,
				FE1B93EF2C52991C00D37708 /* Release */,
			);
			defaultConfigurationIsVisible = 0;
			defaultConfigurationName = Release;
		};
		FE1B93F02C52991C00D37708 /* Build configuration list for PBXNativeTarget "MealsRecipe" */ = {
			isa = XCConfigurationList;
			buildConfigurations = (
				FE1B93F12C52991C00D37708 /* Debug */,
				FE1B93F22C52991C00D37708 /* Release */,
			);
			defaultConfigurationIsVisible = 0;
			defaultConfigurationName = Release;
		};
		FE1B93F32C52991C00D37708 /* Build configuration list for PBXNativeTarget "MealsRecipeTests" */ = {
			isa = XCConfigurationList;
			buildConfigurations = (
				FE1B93F42C52991C00D37708 /* Debug */,
				FE1B93F52C52991C00D37708 /* Release */,
			);
			defaultConfigurationIsVisible = 0;
			defaultConfigurationName = Release;
		};
		FE1B93F62C52991C00D37708 /* Build configuration list for PBXNativeTarget "MealsRecipeUITests" */ = {
			isa = XCConfigurationList;
			buildConfigurations = (
				FE1B93F72C52991C00D37708 /* Debug */,
				FE1B93F82C52991C00D37708 /* Release */,
			);
			defaultConfigurationIsVisible = 0;
			defaultConfigurationName = Release;
		};
/* End XCConfigurationList section */
	};
	rootObject = FE1B93BE2C52991B00D37708 /* Project object */;
}
